
Microsoft Visual Studio Solution File, Format Version 12.00
# Visual Studio Version 17
VisualStudioVersion = 17.4.33103.184
MinimumVisualStudioVersion = 10.0.40219.1
Project("{FAE04EC0-301F-11D3-BF4B-00C04F79EFBC}") = "Pacman_2", "Pacman_2\Pacman_2.csproj", "{D3EACC81-FDDC-4B02-93DA-B6AB2DDD174A}"
EndProject
Global
	GlobalSection(SolutionConfigurationPlatforms) = preSolution
		Debug|Any CPU = Debug|Any CPU
		Release|Any CPU = Release|Any CPU
	EndGlobalSection
	GlobalSection(ProjectConfigurationPlatforms) = postSolution
		{D3EACC81-FDDC-4B02-93DA-B6AB2DDD174A}.Debug|Any CPU.ActiveCfg = Debug|Any CPU
		{D3EACC81-FDDC-4B02-93DA-B6AB2DDD174A}.Debug|Any CPU.Build.0 = Debug|Any CPU
		{D3EACC81-FDDC-4B02-93DA-B6AB2DDD174A}.Release|Any CPU.ActiveCfg = Release|Any CPU
		{D3EACC81-FDDC-4B02-93DA-B6AB2DDD174A}.Release|Any CPU.Build.0 = Release|Any CPU
	EndGlobalSection
	GlobalSection(SolutionProperties) = preSolution
		HideSolutionNode = FALSE
	EndGlobalSection
	GlobalSection(ExtensibilityGlobals) = postSolution
		SolutionGuid = {37784CCF-67D8-45DE-9017-D1E5ACADC593}
	EndGlobalSection
EndGlobal
